// !$*UTF8*$!
{
	archiveVersion = 1;
	classes = {
	};
	objectVersion = 55;
	objects = {

/* Begin PBXBuildFile section */
		CD0187CD28766F4000A636AC /* MeiliSearchUI.xcdatamodeld in Sources */ = {isa = PBXBuildFile; fileRef = CD0187A228766F3F00A636AC /* MeiliSearchUI.xcdatamodeld */; };
		CD0187CE28766F4000A636AC /* MeiliSearchUI.xcdatamodeld in Sources */ = {isa = PBXBuildFile; fileRef = CD0187A228766F3F00A636AC /* MeiliSearchUI.xcdatamodeld */; };
		CD0187CF28766F4000A636AC /* MeiliSearchUIApp.swift in Sources */ = {isa = PBXBuildFile; fileRef = CD0187A428766F3F00A636AC /* MeiliSearchUIApp.swift */; };
		CD0187D028766F4000A636AC /* MeiliSearchUIApp.swift in Sources */ = {isa = PBXBuildFile; fileRef = CD0187A428766F3F00A636AC /* MeiliSearchUIApp.swift */; };
		CD0187D328766F4000A636AC /* Persistence.swift in Sources */ = {isa = PBXBuildFile; fileRef = CD0187A628766F3F00A636AC /* Persistence.swift */; };
		CD0187D428766F4000A636AC /* Persistence.swift in Sources */ = {isa = PBXBuildFile; fileRef = CD0187A628766F3F00A636AC /* Persistence.swift */; };
		CD0187D528766F4000A636AC /* Assets.xcassets in Resources */ = {isa = PBXBuildFile; fileRef = CD0187A728766F4000A636AC /* Assets.xcassets */; };
		CD0187D628766F4000A636AC /* Assets.xcassets in Resources */ = {isa = PBXBuildFile; fileRef = CD0187A728766F4000A636AC /* Assets.xcassets */; };
		CD0187EA28766F8200A636AC /* MeiliSearch in Frameworks */ = {isa = PBXBuildFile; productRef = CD0187E928766F8200A636AC /* MeiliSearch */; };
		CD0187ED28766F9C00A636AC /* SFSafeSymbols in Frameworks */ = {isa = PBXBuildFile; productRef = CD0187EC28766F9C00A636AC /* SFSafeSymbols */; };
		CD01880C28766FF200A636AC /* Extension+Meilisearch.swift in Sources */ = {isa = PBXBuildFile; fileRef = CD0187EF28766FF200A636AC /* Extension+Meilisearch.swift */; };
		CD01880D28766FF200A636AC /* Extension+Meilisearch.swift in Sources */ = {isa = PBXBuildFile; fileRef = CD0187EF28766FF200A636AC /* Extension+Meilisearch.swift */; };
		CD01881028766FF200A636AC /* Extension+Set.swift in Sources */ = {isa = PBXBuildFile; fileRef = CD0187F128766FF200A636AC /* Extension+Set.swift */; };
		CD01881128766FF200A636AC /* Extension+Set.swift in Sources */ = {isa = PBXBuildFile; fileRef = CD0187F128766FF200A636AC /* Extension+Set.swift */; };
		CD01881228766FF200A636AC /* MeilisearchModel.swift in Sources */ = {isa = PBXBuildFile; fileRef = CD0187F328766FF200A636AC /* MeilisearchModel.swift */; };
		CD01881328766FF200A636AC /* MeilisearchModel.swift in Sources */ = {isa = PBXBuildFile; fileRef = CD0187F328766FF200A636AC /* MeilisearchModel.swift */; };
		CD01881428766FF200A636AC /* Document.swift in Sources */ = {isa = PBXBuildFile; fileRef = CD0187F628766FF200A636AC /* Document.swift */; };
		CD01881528766FF200A636AC /* Document.swift in Sources */ = {isa = PBXBuildFile; fileRef = CD0187F628766FF200A636AC /* Document.swift */; };
		CD01881628766FF200A636AC /* HostList.swift in Sources */ = {isa = PBXBuildFile; fileRef = CD0187F828766FF200A636AC /* HostList.swift */; };
		CD01881728766FF200A636AC /* HostList.swift in Sources */ = {isa = PBXBuildFile; fileRef = CD0187F828766FF200A636AC /* HostList.swift */; };
		CD01881828766FF200A636AC /* HostForm.swift in Sources */ = {isa = PBXBuildFile; fileRef = CD0187F928766FF200A636AC /* HostForm.swift */; };
		CD01881928766FF200A636AC /* HostForm.swift in Sources */ = {isa = PBXBuildFile; fileRef = CD0187F928766FF200A636AC /* HostForm.swift */; };
		CD01881A28766FF200A636AC /* HostItem.swift in Sources */ = {isa = PBXBuildFile; fileRef = CD0187FA28766FF200A636AC /* HostItem.swift */; };
		CD01881B28766FF200A636AC /* HostItem.swift in Sources */ = {isa = PBXBuildFile; fileRef = CD0187FA28766FF200A636AC /* HostItem.swift */; };
		CD01881C28766FF200A636AC /* DocumentList.swift in Sources */ = {isa = PBXBuildFile; fileRef = CD0187FC28766FF200A636AC /* DocumentList.swift */; };
		CD01881D28766FF200A636AC /* DocumentList.swift in Sources */ = {isa = PBXBuildFile; fileRef = CD0187FC28766FF200A636AC /* DocumentList.swift */; };
		CD01881E28766FF200A636AC /* HomeScreen.swift in Sources */ = {isa = PBXBuildFile; fileRef = CD0187FD28766FF200A636AC /* HomeScreen.swift */; };
		CD01881F28766FF200A636AC /* HomeScreen.swift in Sources */ = {isa = PBXBuildFile; fileRef = CD0187FD28766FF200A636AC /* HomeScreen.swift */; };
		CD01882028766FF200A636AC /* TaskList.swift in Sources */ = {isa = PBXBuildFile; fileRef = CD0187FF28766FF200A636AC /* TaskList.swift */; };
		CD01882128766FF200A636AC /* TaskList.swift in Sources */ = {isa = PBXBuildFile; fileRef = CD0187FF28766FF200A636AC /* TaskList.swift */; };
		CD01882228766FF200A636AC /* TaskItem.swift in Sources */ = {isa = PBXBuildFile; fileRef = CD01880028766FF200A636AC /* TaskItem.swift */; };
		CD01882328766FF200A636AC /* TaskItem.swift in Sources */ = {isa = PBXBuildFile; fileRef = CD01880028766FF200A636AC /* TaskItem.swift */; };
		CD01882428766FF200A636AC /* IndexSettings.swift in Sources */ = {isa = PBXBuildFile; fileRef = CD01880228766FF200A636AC /* IndexSettings.swift */; };
		CD01882528766FF200A636AC /* IndexSettings.swift in Sources */ = {isa = PBXBuildFile; fileRef = CD01880228766FF200A636AC /* IndexSettings.swift */; };
		CD01882628766FF200A636AC /* IndexList.swift in Sources */ = {isa = PBXBuildFile; fileRef = CD01880328766FF200A636AC /* IndexList.swift */; };
		CD01882728766FF200A636AC /* IndexList.swift in Sources */ = {isa = PBXBuildFile; fileRef = CD01880328766FF200A636AC /* IndexList.swift */; };
		CD01882828766FF200A636AC /* IndexForm.swift in Sources */ = {isa = PBXBuildFile; fileRef = CD01880428766FF200A636AC /* IndexForm.swift */; };
		CD01882928766FF200A636AC /* IndexForm.swift in Sources */ = {isa = PBXBuildFile; fileRef = CD01880428766FF200A636AC /* IndexForm.swift */; };
		CD01882A28766FF200A636AC /* IndexItem.swift in Sources */ = {isa = PBXBuildFile; fileRef = CD01880528766FF200A636AC /* IndexItem.swift */; };
		CD01882B28766FF200A636AC /* IndexItem.swift in Sources */ = {isa = PBXBuildFile; fileRef = CD01880528766FF200A636AC /* IndexItem.swift */; };
		CD01882C28766FF200A636AC /* SettingsList.swift in Sources */ = {isa = PBXBuildFile; fileRef = CD01880728766FF200A636AC /* SettingsList.swift */; };
		CD01882D28766FF200A636AC /* SettingsList.swift in Sources */ = {isa = PBXBuildFile; fileRef = CD01880728766FF200A636AC /* SettingsList.swift */; };
		CD01882E28766FF200A636AC /* ErrorPopupIcon.swift in Sources */ = {isa = PBXBuildFile; fileRef = CD01880828766FF200A636AC /* ErrorPopupIcon.swift */; };
		CD01882F28766FF200A636AC /* ErrorPopupIcon.swift in Sources */ = {isa = PBXBuildFile; fileRef = CD01880828766FF200A636AC /* ErrorPopupIcon.swift */; };
		CD01883028766FF200A636AC /* ErrorLabel.swift in Sources */ = {isa = PBXBuildFile; fileRef = CD01880928766FF200A636AC /* ErrorLabel.swift */; };
		CD01883128766FF200A636AC /* ErrorLabel.swift in Sources */ = {isa = PBXBuildFile; fileRef = CD01880928766FF200A636AC /* ErrorLabel.swift */; };
		CD01883228766FF200A636AC /* MeilisearchError.swift in Sources */ = {isa = PBXBuildFile; fileRef = CD01880B28766FF200A636AC /* MeilisearchError.swift */; };
		CD01883328766FF200A636AC /* MeilisearchError.swift in Sources */ = {isa = PBXBuildFile; fileRef = CD01880B28766FF200A636AC /* MeilisearchError.swift */; };
		CD0188452876790D00A636AC /* SwiftyJSON in Frameworks */ = {isa = PBXBuildFile; productRef = CD0188442876790D00A636AC /* SwiftyJSON */; };
		CD01884D28767CD700A636AC /* SwiftyJSON in Frameworks */ = {isa = PBXBuildFile; productRef = CD01884C28767CD700A636AC /* SwiftyJSON */; };
		CD01886128768ED200A636AC /* Tests_JSONDecoding.swift in Sources */ = {isa = PBXBuildFile; fileRef = CD01883B287671CD00A636AC /* Tests_JSONDecoding.swift */; };
		CD4AEB7C2876B735003826A3 /* SwiftJSONView in Frameworks */ = {isa = PBXBuildFile; productRef = CD4AEB7B2876B735003826A3 /* SwiftJSONView */; };
		CD4AEB7E2876C2F3003826A3 /* DocumentListItem.swift in Sources */ = {isa = PBXBuildFile; fileRef = CD4AEB7D2876C2F3003826A3 /* DocumentListItem.swift */; };
		CD4AEB7F2876C2F3003826A3 /* DocumentListItem.swift in Sources */ = {isa = PBXBuildFile; fileRef = CD4AEB7D2876C2F3003826A3 /* DocumentListItem.swift */; };
		CD4AEB812876D358003826A3 /* DocumentForm.swift in Sources */ = {isa = PBXBuildFile; fileRef = CD4AEB802876D358003826A3 /* DocumentForm.swift */; };
		CD4AEB822876D358003826A3 /* DocumentForm.swift in Sources */ = {isa = PBXBuildFile; fileRef = CD4AEB802876D358003826A3 /* DocumentForm.swift */; };
		CD4AEB842877EFBD003826A3 /* GeneralSettings.swift in Sources */ = {isa = PBXBuildFile; fileRef = CD4AEB832877EFBD003826A3 /* GeneralSettings.swift */; };
		CD4AEB852877EFBD003826A3 /* GeneralSettings.swift in Sources */ = {isa = PBXBuildFile; fileRef = CD4AEB832877EFBD003826A3 /* GeneralSettings.swift */; };
		CD4AEB88287835E9003826A3 /* CodeEditTextView in Frameworks */ = {isa = PBXBuildFile; productRef = CD4AEB87287835E9003826A3 /* CodeEditTextView */; };
		CD4AEB8A287835F8003826A3 /* CodeEditTextView in Frameworks */ = {isa = PBXBuildFile; productRef = CD4AEB89287835F8003826A3 /* CodeEditTextView */; };
/* End PBXBuildFile section */

/* Begin PBXContainerItemProxy section */
		CD01885C28768ECD00A636AC /* PBXContainerItemProxy */ = {
			isa = PBXContainerItemProxy;
			containerPortal = CD01879D28766F3F00A636AC /* Project object */;
			proxyType = 1;
			remoteGlobalIDString = CD0187B128766F4000A636AC;
			remoteInfo = "MeiliSearchUI (macOS)";
		};
/* End PBXContainerItemProxy section */

/* Begin PBXFileReference section */
		CD0187A328766F3F00A636AC /* Shared.xcdatamodel */ = {isa = PBXFileReference; lastKnownFileType = wrapper.xcdatamodel; path = Shared.xcdatamodel; sourceTree = "<group>"; };
		CD0187A428766F3F00A636AC /* MeiliSearchUIApp.swift */ = {isa = PBXFileReference; lastKnownFileType = sourcecode.swift; path = MeiliSearchUIApp.swift; sourceTree = "<group>"; };
		CD0187A628766F3F00A636AC /* Persistence.swift */ = {isa = PBXFileReference; lastKnownFileType = sourcecode.swift; path = Persistence.swift; sourceTree = "<group>"; };
		CD0187A728766F4000A636AC /* Assets.xcassets */ = {isa = PBXFileReference; lastKnownFileType = folder.assetcatalog; path = Assets.xcassets; sourceTree = "<group>"; };
		CD0187AC28766F4000A636AC /* MeiliSearchUI.app */ = {isa = PBXFileReference; explicitFileType = wrapper.application; includeInIndex = 0; path = MeiliSearchUI.app; sourceTree = BUILT_PRODUCTS_DIR; };
		CD0187B228766F4000A636AC /* MeiliSearchUI.app */ = {isa = PBXFileReference; explicitFileType = wrapper.application; includeInIndex = 0; path = MeiliSearchUI.app; sourceTree = BUILT_PRODUCTS_DIR; };
		CD0187B428766F4000A636AC /* macOS.entitlements */ = {isa = PBXFileReference; lastKnownFileType = text.plist.entitlements; path = macOS.entitlements; sourceTree = "<group>"; };
		CD0187EF28766FF200A636AC /* Extension+Meilisearch.swift */ = {isa = PBXFileReference; fileEncoding = 4; lastKnownFileType = sourcecode.swift; path = "Extension+Meilisearch.swift"; sourceTree = "<group>"; };
		CD0187F128766FF200A636AC /* Extension+Set.swift */ = {isa = PBXFileReference; fileEncoding = 4; lastKnownFileType = sourcecode.swift; path = "Extension+Set.swift"; sourceTree = "<group>"; };
		CD0187F328766FF200A636AC /* MeilisearchModel.swift */ = {isa = PBXFileReference; fileEncoding = 4; lastKnownFileType = sourcecode.swift; path = MeilisearchModel.swift; sourceTree = "<group>"; };
		CD0187F628766FF200A636AC /* Document.swift */ = {isa = PBXFileReference; fileEncoding = 4; lastKnownFileType = sourcecode.swift; path = Document.swift; sourceTree = "<group>"; };
		CD0187F828766FF200A636AC /* HostList.swift */ = {isa = PBXFileReference; fileEncoding = 4; lastKnownFileType = sourcecode.swift; path = HostList.swift; sourceTree = "<group>"; };
		CD0187F928766FF200A636AC /* HostForm.swift */ = {isa = PBXFileReference; fileEncoding = 4; lastKnownFileType = sourcecode.swift; path = HostForm.swift; sourceTree = "<group>"; };
		CD0187FA28766FF200A636AC /* HostItem.swift */ = {isa = PBXFileReference; fileEncoding = 4; lastKnownFileType = sourcecode.swift; path = HostItem.swift; sourceTree = "<group>"; };
		CD0187FC28766FF200A636AC /* DocumentList.swift */ = {isa = PBXFileReference; fileEncoding = 4; lastKnownFileType = sourcecode.swift; path = DocumentList.swift; sourceTree = "<group>"; };
		CD0187FD28766FF200A636AC /* HomeScreen.swift */ = {isa = PBXFileReference; fileEncoding = 4; lastKnownFileType = sourcecode.swift; path = HomeScreen.swift; sourceTree = "<group>"; };
		CD0187FF28766FF200A636AC /* TaskList.swift */ = {isa = PBXFileReference; fileEncoding = 4; lastKnownFileType = sourcecode.swift; path = TaskList.swift; sourceTree = "<group>"; };
		CD01880028766FF200A636AC /* TaskItem.swift */ = {isa = PBXFileReference; fileEncoding = 4; lastKnownFileType = sourcecode.swift; path = TaskItem.swift; sourceTree = "<group>"; };
		CD01880228766FF200A636AC /* IndexSettings.swift */ = {isa = PBXFileReference; fileEncoding = 4; lastKnownFileType = sourcecode.swift; path = IndexSettings.swift; sourceTree = "<group>"; };
		CD01880328766FF200A636AC /* IndexList.swift */ = {isa = PBXFileReference; fileEncoding = 4; lastKnownFileType = sourcecode.swift; path = IndexList.swift; sourceTree = "<group>"; };
		CD01880428766FF200A636AC /* IndexForm.swift */ = {isa = PBXFileReference; fileEncoding = 4; lastKnownFileType = sourcecode.swift; path = IndexForm.swift; sourceTree = "<group>"; };
		CD01880528766FF200A636AC /* IndexItem.swift */ = {isa = PBXFileReference; fileEncoding = 4; lastKnownFileType = sourcecode.swift; path = IndexItem.swift; sourceTree = "<group>"; };
		CD01880728766FF200A636AC /* SettingsList.swift */ = {isa = PBXFileReference; fileEncoding = 4; lastKnownFileType = sourcecode.swift; path = SettingsList.swift; sourceTree = "<group>"; };
		CD01880828766FF200A636AC /* ErrorPopupIcon.swift */ = {isa = PBXFileReference; fileEncoding = 4; lastKnownFileType = sourcecode.swift; path = ErrorPopupIcon.swift; sourceTree = "<group>"; };
		CD01880928766FF200A636AC /* ErrorLabel.swift */ = {isa = PBXFileReference; fileEncoding = 4; lastKnownFileType = sourcecode.swift; path = ErrorLabel.swift; sourceTree = "<group>"; };
		CD01880B28766FF200A636AC /* MeilisearchError.swift */ = {isa = PBXFileReference; fileEncoding = 4; lastKnownFileType = sourcecode.swift; path = MeilisearchError.swift; sourceTree = "<group>"; };
		CD01883B287671CD00A636AC /* Tests_JSONDecoding.swift */ = {isa = PBXFileReference; lastKnownFileType = sourcecode.swift; path = Tests_JSONDecoding.swift; sourceTree = "<group>"; };
		CD01885828768ECD00A636AC /* MeiliSearchUITests.xctest */ = {isa = PBXFileReference; explicitFileType = wrapper.cfbundle; includeInIndex = 0; path = MeiliSearchUITests.xctest; sourceTree = BUILT_PRODUCTS_DIR; };
		CD4AEB7D2876C2F3003826A3 /* DocumentListItem.swift */ = {isa = PBXFileReference; lastKnownFileType = sourcecode.swift; path = DocumentListItem.swift; sourceTree = "<group>"; };
		CD4AEB802876D358003826A3 /* DocumentForm.swift */ = {isa = PBXFileReference; lastKnownFileType = sourcecode.swift; path = DocumentForm.swift; sourceTree = "<group>"; };
		CD4AEB832877EFBD003826A3 /* GeneralSettings.swift */ = {isa = PBXFileReference; lastKnownFileType = sourcecode.swift; path = GeneralSettings.swift; sourceTree = "<group>"; };
/* End PBXFileReference section */

/* Begin PBXFrameworksBuildPhase section */
		CD0187A928766F4000A636AC /* Frameworks */ = {
			isa = PBXFrameworksBuildPhase;
			buildActionMask = 2147483647;
			files = (
				CD0188452876790D00A636AC /* SwiftyJSON in Frameworks */,
				CD4AEB88287835E9003826A3 /* CodeEditTextView in Frameworks */,
			);
			runOnlyForDeploymentPostprocessing = 0;
		};
		CD0187AF28766F4000A636AC /* Frameworks */ = {
			isa = PBXFrameworksBuildPhase;
			buildActionMask = 2147483647;
			files = (
				CD4AEB8A287835F8003826A3 /* CodeEditTextView in Frameworks */,
				CD01884D28767CD700A636AC /* SwiftyJSON in Frameworks */,
				CD0187ED28766F9C00A636AC /* SFSafeSymbols in Frameworks */,
				CD0187EA28766F8200A636AC /* MeiliSearch in Frameworks */,
				CD4AEB7C2876B735003826A3 /* SwiftJSONView in Frameworks */,
			);
			runOnlyForDeploymentPostprocessing = 0;
		};
		CD01885528768ECD00A636AC /* Frameworks */ = {
			isa = PBXFrameworksBuildPhase;
			buildActionMask = 2147483647;
			files = (
			);
			runOnlyForDeploymentPostprocessing = 0;
		};
/* End PBXFrameworksBuildPhase section */

/* Begin PBXGroup section */
		CD01879C28766F3F00A636AC = {
			isa = PBXGroup;
			children = (
				CD0187A128766F3F00A636AC /* Shared */,
				CD0187B328766F4000A636AC /* macOS */,
				CD01885928768ECD00A636AC /* MeiliSearchUITests */,
				CD0187AD28766F4000A636AC /* Products */,
				CD01883D2876723100A636AC /* Frameworks */,
			);
			sourceTree = "<group>";
		};
		CD0187A128766F3F00A636AC /* Shared */ = {
			isa = PBXGroup;
			children = (
				CD01884828767A3500A636AC /* Types */,
				CD01880628766FF200A636AC /* Components */,
				CD01880A28766FF200A636AC /* Errors */,
				CD0187EE28766FF200A636AC /* Extensions */,
				CD0187F228766FF200A636AC /* Models */,
				CD0187F428766FF200A636AC /* Pages */,
				CD0187A428766F3F00A636AC /* MeiliSearchUIApp.swift */,
				CD0187A628766F3F00A636AC /* Persistence.swift */,
				CD0187A728766F4000A636AC /* Assets.xcassets */,
				CD0187A228766F3F00A636AC /* MeiliSearchUI.xcdatamodeld */,
			);
			path = Shared;
			sourceTree = "<group>";
		};
		CD0187AD28766F4000A636AC /* Products */ = {
			isa = PBXGroup;
			children = (
				CD0187AC28766F4000A636AC /* MeiliSearchUI.app */,
				CD0187B228766F4000A636AC /* MeiliSearchUI.app */,
				CD01885828768ECD00A636AC /* MeiliSearchUITests.xctest */,
			);
			name = Products;
			sourceTree = "<group>";
		};
		CD0187B328766F4000A636AC /* macOS */ = {
			isa = PBXGroup;
			children = (
				CD0187B428766F4000A636AC /* macOS.entitlements */,
			);
			path = macOS;
			sourceTree = "<group>";
		};
		CD0187EE28766FF200A636AC /* Extensions */ = {
			isa = PBXGroup;
			children = (
				CD0187EF28766FF200A636AC /* Extension+Meilisearch.swift */,
				CD0187F128766FF200A636AC /* Extension+Set.swift */,
			);
			path = Extensions;
			sourceTree = "<group>";
		};
		CD0187F228766FF200A636AC /* Models */ = {
			isa = PBXGroup;
			children = (
				CD0187F328766FF200A636AC /* MeilisearchModel.swift */,
			);
			path = Models;
			sourceTree = "<group>";
		};
		CD0187F428766FF200A636AC /* Pages */ = {
			isa = PBXGroup;
			children = (
				CD0187F728766FF200A636AC /* Host */,
				CD0187FB28766FF200A636AC /* Document */,
				CD0187FD28766FF200A636AC /* HomeScreen.swift */,
				CD0187FE28766FF200A636AC /* Task */,
				CD01880128766FF200A636AC /* Index */,
			);
			path = Pages;
			sourceTree = "<group>";
		};
		CD0187F728766FF200A636AC /* Host */ = {
			isa = PBXGroup;
			children = (
				CD0187F828766FF200A636AC /* HostList.swift */,
				CD0187F928766FF200A636AC /* HostForm.swift */,
				CD0187FA28766FF200A636AC /* HostItem.swift */,
			);
			path = Host;
			sourceTree = "<group>";
		};
		CD0187FB28766FF200A636AC /* Document */ = {
			isa = PBXGroup;
			children = (
				CD0187FC28766FF200A636AC /* DocumentList.swift */,
				CD4AEB7D2876C2F3003826A3 /* DocumentListItem.swift */,
				CD4AEB802876D358003826A3 /* DocumentForm.swift */,
			);
			path = Document;
			sourceTree = "<group>";
		};
		CD0187FE28766FF200A636AC /* Task */ = {
			isa = PBXGroup;
			children = (
				CD0187FF28766FF200A636AC /* TaskList.swift */,
				CD01880028766FF200A636AC /* TaskItem.swift */,
			);
			path = Task;
			sourceTree = "<group>";
		};
		CD01880128766FF200A636AC /* Index */ = {
			isa = PBXGroup;
			children = (
				CD01880228766FF200A636AC /* IndexSettings.swift */,
				CD01880328766FF200A636AC /* IndexList.swift */,
				CD01880428766FF200A636AC /* IndexForm.swift */,
				CD01880528766FF200A636AC /* IndexItem.swift */,
				CD4AEB832877EFBD003826A3 /* GeneralSettings.swift */,
			);
			path = Index;
			sourceTree = "<group>";
		};
		CD01880628766FF200A636AC /* Components */ = {
			isa = PBXGroup;
			children = (
				CD01880728766FF200A636AC /* SettingsList.swift */,
				CD01880828766FF200A636AC /* ErrorPopupIcon.swift */,
				CD01880928766FF200A636AC /* ErrorLabel.swift */,
			);
			path = Components;
			sourceTree = "<group>";
		};
		CD01880A28766FF200A636AC /* Errors */ = {
			isa = PBXGroup;
			children = (
				CD01880B28766FF200A636AC /* MeilisearchError.swift */,
			);
			path = Errors;
			sourceTree = "<group>";
		};
		CD01883D2876723100A636AC /* Frameworks */ = {
			isa = PBXGroup;
			children = (
			);
			name = Frameworks;
			sourceTree = "<group>";
		};
		CD01884828767A3500A636AC /* Types */ = {
			isa = PBXGroup;
			children = (
				CD0187F628766FF200A636AC /* Document.swift */,
			);
			path = Types;
			sourceTree = "<group>";
		};
		CD01885928768ECD00A636AC /* MeiliSearchUITests */ = {
			isa = PBXGroup;
			children = (
				CD01883B287671CD00A636AC /* Tests_JSONDecoding.swift */,
			);
			path = MeiliSearchUITests;
			sourceTree = "<group>";
		};
/* End PBXGroup section */

/* Begin PBXNativeTarget section */
		CD0187AB28766F4000A636AC /* MeiliSearchUI (iOS) */ = {
			isa = PBXNativeTarget;
			buildConfigurationList = CD0187D928766F4000A636AC /* Build configuration list for PBXNativeTarget "MeiliSearchUI (iOS)" */;
			buildPhases = (
				CD0187A828766F4000A636AC /* Sources */,
				CD0187A928766F4000A636AC /* Frameworks */,
				CD0187AA28766F4000A636AC /* Resources */,
			);
			buildRules = (
			);
			dependencies = (
			);
			name = "MeiliSearchUI (iOS)";
			packageProductDependencies = (
				CD0188442876790D00A636AC /* SwiftyJSON */,
				CD4AEB87287835E9003826A3 /* CodeEditTextView */,
			);
			productName = "MeiliSearchUI (iOS)";
			productReference = CD0187AC28766F4000A636AC /* MeiliSearchUI.app */;
			productType = "com.apple.product-type.application";
		};
		CD0187B128766F4000A636AC /* MeiliSearchUI (macOS) */ = {
			isa = PBXNativeTarget;
			buildConfigurationList = CD0187DC28766F4000A636AC /* Build configuration list for PBXNativeTarget "MeiliSearchUI (macOS)" */;
			buildPhases = (
				CD0187AE28766F4000A636AC /* Sources */,
				CD0187AF28766F4000A636AC /* Frameworks */,
				CD0187B028766F4000A636AC /* Resources */,
			);
			buildRules = (
			);
			dependencies = (
			);
			name = "MeiliSearchUI (macOS)";
			packageProductDependencies = (
				CD0187E928766F8200A636AC /* MeiliSearch */,
				CD0187EC28766F9C00A636AC /* SFSafeSymbols */,
				CD01884C28767CD700A636AC /* SwiftyJSON */,
				CD4AEB7B2876B735003826A3 /* SwiftJSONView */,
				CD4AEB89287835F8003826A3 /* CodeEditTextView */,
			);
			productName = "MeiliSearchUI (macOS)";
			productReference = CD0187B228766F4000A636AC /* MeiliSearchUI.app */;
			productType = "com.apple.product-type.application";
		};
		CD01885728768ECD00A636AC /* MeiliSearchUITests */ = {
			isa = PBXNativeTarget;
			buildConfigurationList = CD01885E28768ECD00A636AC /* Build configuration list for PBXNativeTarget "MeiliSearchUITests" */;
			buildPhases = (
				CD01885428768ECD00A636AC /* Sources */,
				CD01885528768ECD00A636AC /* Frameworks */,
				CD01885628768ECD00A636AC /* Resources */,
			);
			buildRules = (
			);
			dependencies = (
				CD01885D28768ECD00A636AC /* PBXTargetDependency */,
			);
			name = MeiliSearchUITests;
			productName = MeiliSearchUITests;
			productReference = CD01885828768ECD00A636AC /* MeiliSearchUITests.xctest */;
			productType = "com.apple.product-type.bundle.unit-test";
		};
/* End PBXNativeTarget section */

/* Begin PBXProject section */
		CD01879D28766F3F00A636AC /* Project object */ = {
			isa = PBXProject;
			attributes = {
				BuildIndependentTargetsInParallel = 1;
				LastSwiftUpdateCheck = 1340;
				LastUpgradeCheck = 1340;
				TargetAttributes = {
					CD0187AB28766F4000A636AC = {
						CreatedOnToolsVersion = 13.4.1;
					};
					CD0187B128766F4000A636AC = {
						CreatedOnToolsVersion = 13.4.1;
					};
					CD01885728768ECD00A636AC = {
						CreatedOnToolsVersion = 13.4.1;
						TestTargetID = CD0187B128766F4000A636AC;
					};
				};
			};
			buildConfigurationList = CD0187A028766F3F00A636AC /* Build configuration list for PBXProject "MeiliSearchUI" */;
			compatibilityVersion = "Xcode 13.0";
			developmentRegion = en;
			hasScannedForEncodings = 0;
			knownRegions = (
				en,
				Base,
			);
			mainGroup = CD01879C28766F3F00A636AC;
			packageReferences = (
				CD0187E828766F8100A636AC /* XCRemoteSwiftPackageReference "meilisearch-swift" */,
				CD0187EB28766F9C00A636AC /* XCRemoteSwiftPackageReference "SFSafeSymbols" */,
				CD0188432876790D00A636AC /* XCRemoteSwiftPackageReference "SwiftyJSON" */,
				CD4AEB7A2876B735003826A3 /* XCRemoteSwiftPackageReference "SwiftJSONView" */,
				CD4AEB86287835E9003826A3 /* XCRemoteSwiftPackageReference "CodeEditTextView" */,
			);
			productRefGroup = CD0187AD28766F4000A636AC /* Products */;
			projectDirPath = "";
			projectRoot = "";
			targets = (
				CD0187AB28766F4000A636AC /* MeiliSearchUI (iOS) */,
				CD0187B128766F4000A636AC /* MeiliSearchUI (macOS) */,
				CD01885728768ECD00A636AC /* MeiliSearchUITests */,
			);
		};
/* End PBXProject section */

/* Begin PBXResourcesBuildPhase section */
		CD0187AA28766F4000A636AC /* Resources */ = {
			isa = PBXResourcesBuildPhase;
			buildActionMask = 2147483647;
			files = (
				CD0187D528766F4000A636AC /* Assets.xcassets in Resources */,
			);
			runOnlyForDeploymentPostprocessing = 0;
		};
		CD0187B028766F4000A636AC /* Resources */ = {
			isa = PBXResourcesBuildPhase;
			buildActionMask = 2147483647;
			files = (
				CD0187D628766F4000A636AC /* Assets.xcassets in Resources */,
			);
			runOnlyForDeploymentPostprocessing = 0;
		};
		CD01885628768ECD00A636AC /* Resources */ = {
			isa = PBXResourcesBuildPhase;
			buildActionMask = 2147483647;
			files = (
			);
			runOnlyForDeploymentPostprocessing = 0;
		};
/* End PBXResourcesBuildPhase section */

/* Begin PBXSourcesBuildPhase section */
		CD0187A828766F4000A636AC /* Sources */ = {
			isa = PBXSourcesBuildPhase;
			buildActionMask = 2147483647;
			files = (
				CD4AEB812876D358003826A3 /* DocumentForm.swift in Sources */,
				CD01882E28766FF200A636AC /* ErrorPopupIcon.swift in Sources */,
				CD01882628766FF200A636AC /* IndexList.swift in Sources */,
				CD01882A28766FF200A636AC /* IndexItem.swift in Sources */,
				CD01881228766FF200A636AC /* MeilisearchModel.swift in Sources */,
				CD0187CF28766F4000A636AC /* MeiliSearchUIApp.swift in Sources */,
				CD01881E28766FF200A636AC /* HomeScreen.swift in Sources */,
				CD01882C28766FF200A636AC /* SettingsList.swift in Sources */,
				CD01883028766FF200A636AC /* ErrorLabel.swift in Sources */,
				CD4AEB7E2876C2F3003826A3 /* DocumentListItem.swift in Sources */,
				CD01881A28766FF200A636AC /* HostItem.swift in Sources */,
				CD01883228766FF200A636AC /* MeilisearchError.swift in Sources */,
				CD01881028766FF200A636AC /* Extension+Set.swift in Sources */,
				CD0187D328766F4000A636AC /* Persistence.swift in Sources */,
				CD01882428766FF200A636AC /* IndexSettings.swift in Sources */,
				CD01882028766FF200A636AC /* TaskList.swift in Sources */,
				CD0187CD28766F4000A636AC /* MeiliSearchUI.xcdatamodeld in Sources */,
				CD01881428766FF200A636AC /* Document.swift in Sources */,
				CD01881C28766FF200A636AC /* DocumentList.swift in Sources */,
				CD4AEB842877EFBD003826A3 /* GeneralSettings.swift in Sources */,
				CD01882228766FF200A636AC /* TaskItem.swift in Sources */,
				CD01881828766FF200A636AC /* HostForm.swift in Sources */,
				CD01882828766FF200A636AC /* IndexForm.swift in Sources */,
				CD01880C28766FF200A636AC /* Extension+Meilisearch.swift in Sources */,
				CD01881628766FF200A636AC /* HostList.swift in Sources */,
			);
			runOnlyForDeploymentPostprocessing = 0;
		};
		CD0187AE28766F4000A636AC /* Sources */ = {
			isa = PBXSourcesBuildPhase;
			buildActionMask = 2147483647;
			files = (
				CD4AEB822876D358003826A3 /* DocumentForm.swift in Sources */,
				CD01882F28766FF200A636AC /* ErrorPopupIcon.swift in Sources */,
				CD01882728766FF200A636AC /* IndexList.swift in Sources */,
				CD01882B28766FF200A636AC /* IndexItem.swift in Sources */,
				CD01881328766FF200A636AC /* MeilisearchModel.swift in Sources */,
				CD0187D028766F4000A636AC /* MeiliSearchUIApp.swift in Sources */,
				CD01881F28766FF200A636AC /* HomeScreen.swift in Sources */,
				CD01882D28766FF200A636AC /* SettingsList.swift in Sources */,
				CD01883128766FF200A636AC /* ErrorLabel.swift in Sources */,
				CD4AEB7F2876C2F3003826A3 /* DocumentListItem.swift in Sources */,
				CD01881B28766FF200A636AC /* HostItem.swift in Sources */,
				CD01883328766FF200A636AC /* MeilisearchError.swift in Sources */,
				CD01881128766FF200A636AC /* Extension+Set.swift in Sources */,
				CD0187D428766F4000A636AC /* Persistence.swift in Sources */,
				CD01882528766FF200A636AC /* IndexSettings.swift in Sources */,
				CD01882128766FF200A636AC /* TaskList.swift in Sources */,
				CD0187CE28766F4000A636AC /* MeiliSearchUI.xcdatamodeld in Sources */,
				CD01881528766FF200A636AC /* Document.swift in Sources */,
				CD01881D28766FF200A636AC /* DocumentList.swift in Sources */,
				CD4AEB852877EFBD003826A3 /* GeneralSettings.swift in Sources */,
				CD01882328766FF200A636AC /* TaskItem.swift in Sources */,
				CD01881928766FF200A636AC /* HostForm.swift in Sources */,
				CD01882928766FF200A636AC /* IndexForm.swift in Sources */,
				CD01880D28766FF200A636AC /* Extension+Meilisearch.swift in Sources */,
				CD01881728766FF200A636AC /* HostList.swift in Sources */,
			);
			runOnlyForDeploymentPostprocessing = 0;
		};
		CD01885428768ECD00A636AC /* Sources */ = {
			isa = PBXSourcesBuildPhase;
			buildActionMask = 2147483647;
			files = (
				CD01886128768ED200A636AC /* Tests_JSONDecoding.swift in Sources */,
			);
			runOnlyForDeploymentPostprocessing = 0;
		};
/* End PBXSourcesBuildPhase section */

/* Begin PBXTargetDependency section */
		CD01885D28768ECD00A636AC /* PBXTargetDependency */ = {
			isa = PBXTargetDependency;
			target = CD0187B128766F4000A636AC /* MeiliSearchUI (macOS) */;
			targetProxy = CD01885C28768ECD00A636AC /* PBXContainerItemProxy */;
		};
/* End PBXTargetDependency section */

/* Begin XCBuildConfiguration section */
		CD0187D728766F4000A636AC /* Debug */ = {
			isa = XCBuildConfiguration;
			buildSettings = {
				ALWAYS_SEARCH_USER_PATHS = NO;
				CLANG_ANALYZER_NONNULL = YES;
				CLANG_ANALYZER_NUMBER_OBJECT_CONVERSION = YES_AGGRESSIVE;
				CLANG_CXX_LANGUAGE_STANDARD = "gnu++17";
				CLANG_ENABLE_MODULES = YES;
				CLANG_ENABLE_OBJC_ARC = YES;
				CLANG_ENABLE_OBJC_WEAK = YES;
				CLANG_WARN_BLOCK_CAPTURE_AUTORELEASING = YES;
				CLANG_WARN_BOOL_CONVERSION = YES;
				CLANG_WARN_COMMA = YES;
				CLANG_WARN_CONSTANT_CONVERSION = YES;
				CLANG_WARN_DEPRECATED_OBJC_IMPLEMENTATIONS = YES;
				CLANG_WARN_DIRECT_OBJC_ISA_USAGE = YES_ERROR;
				CLANG_WARN_DOCUMENTATION_COMMENTS = YES;
				CLANG_WARN_EMPTY_BODY = YES;
				CLANG_WARN_ENUM_CONVERSION = YES;
				CLANG_WARN_INFINITE_RECURSION = YES;
				CLANG_WARN_INT_CONVERSION = YES;
				CLANG_WARN_NON_LITERAL_NULL_CONVERSION = YES;
				CLANG_WARN_OBJC_IMPLICIT_RETAIN_SELF = YES;
				CLANG_WARN_OBJC_LITERAL_CONVERSION = YES;
				CLANG_WARN_OBJC_ROOT_CLASS = YES_ERROR;
				CLANG_WARN_QUOTED_INCLUDE_IN_FRAMEWORK_HEADER = YES;
				CLANG_WARN_RANGE_LOOP_ANALYSIS = YES;
				CLANG_WARN_STRICT_PROTOTYPES = YES;
				CLANG_WARN_SUSPICIOUS_MOVE = YES;
				CLANG_WARN_UNGUARDED_AVAILABILITY = YES_AGGRESSIVE;
				CLANG_WARN_UNREACHABLE_CODE = YES;
				CLANG_WARN__DUPLICATE_METHOD_MATCH = YES;
				COPY_PHASE_STRIP = NO;
				DEBUG_INFORMATION_FORMAT = dwarf;
				ENABLE_STRICT_OBJC_MSGSEND = YES;
				ENABLE_TESTABILITY = YES;
				GCC_C_LANGUAGE_STANDARD = gnu11;
				GCC_DYNAMIC_NO_PIC = NO;
				GCC_NO_COMMON_BLOCKS = YES;
				GCC_OPTIMIZATION_LEVEL = 0;
				GCC_PREPROCESSOR_DEFINITIONS = (
					"DEBUG=1",
					"$(inherited)",
				);
				GCC_WARN_64_TO_32_BIT_CONVERSION = YES;
				GCC_WARN_ABOUT_RETURN_TYPE = YES_ERROR;
				GCC_WARN_UNDECLARED_SELECTOR = YES;
				GCC_WARN_UNINITIALIZED_AUTOS = YES_AGGRESSIVE;
				GCC_WARN_UNUSED_FUNCTION = YES;
				GCC_WARN_UNUSED_VARIABLE = YES;
				MTL_ENABLE_DEBUG_INFO = INCLUDE_SOURCE;
				MTL_FAST_MATH = YES;
				ONLY_ACTIVE_ARCH = YES;
				SWIFT_ACTIVE_COMPILATION_CONDITIONS = DEBUG;
				SWIFT_OPTIMIZATION_LEVEL = "-Onone";
			};
			name = Debug;
		};
		CD0187D828766F4000A636AC /* Release */ = {
			isa = XCBuildConfiguration;
			buildSettings = {
				ALWAYS_SEARCH_USER_PATHS = NO;
				CLANG_ANALYZER_NONNULL = YES;
				CLANG_ANALYZER_NUMBER_OBJECT_CONVERSION = YES_AGGRESSIVE;
				CLANG_CXX_LANGUAGE_STANDARD = "gnu++17";
				CLANG_ENABLE_MODULES = YES;
				CLANG_ENABLE_OBJC_ARC = YES;
				CLANG_ENABLE_OBJC_WEAK = YES;
				CLANG_WARN_BLOCK_CAPTURE_AUTORELEASING = YES;
				CLANG_WARN_BOOL_CONVERSION = YES;
				CLANG_WARN_COMMA = YES;
				CLANG_WARN_CONSTANT_CONVERSION = YES;
				CLANG_WARN_DEPRECATED_OBJC_IMPLEMENTATIONS = YES;
				CLANG_WARN_DIRECT_OBJC_ISA_USAGE = YES_ERROR;
				CLANG_WARN_DOCUMENTATION_COMMENTS = YES;
				CLANG_WARN_EMPTY_BODY = YES;
				CLANG_WARN_ENUM_CONVERSION = YES;
				CLANG_WARN_INFINITE_RECURSION = YES;
				CLANG_WARN_INT_CONVERSION = YES;
				CLANG_WARN_NON_LITERAL_NULL_CONVERSION = YES;
				CLANG_WARN_OBJC_IMPLICIT_RETAIN_SELF = YES;
				CLANG_WARN_OBJC_LITERAL_CONVERSION = YES;
				CLANG_WARN_OBJC_ROOT_CLASS = YES_ERROR;
				CLANG_WARN_QUOTED_INCLUDE_IN_FRAMEWORK_HEADER = YES;
				CLANG_WARN_RANGE_LOOP_ANALYSIS = YES;
				CLANG_WARN_STRICT_PROTOTYPES = YES;
				CLANG_WARN_SUSPICIOUS_MOVE = YES;
				CLANG_WARN_UNGUARDED_AVAILABILITY = YES_AGGRESSIVE;
				CLANG_WARN_UNREACHABLE_CODE = YES;
				CLANG_WARN__DUPLICATE_METHOD_MATCH = YES;
				COPY_PHASE_STRIP = NO;
				DEBUG_INFORMATION_FORMAT = "dwarf-with-dsym";
				ENABLE_NS_ASSERTIONS = NO;
				ENABLE_STRICT_OBJC_MSGSEND = YES;
				GCC_C_LANGUAGE_STANDARD = gnu11;
				GCC_NO_COMMON_BLOCKS = YES;
				GCC_WARN_64_TO_32_BIT_CONVERSION = YES;
				GCC_WARN_ABOUT_RETURN_TYPE = YES_ERROR;
				GCC_WARN_UNDECLARED_SELECTOR = YES;
				GCC_WARN_UNINITIALIZED_AUTOS = YES_AGGRESSIVE;
				GCC_WARN_UNUSED_FUNCTION = YES;
				GCC_WARN_UNUSED_VARIABLE = YES;
				MTL_ENABLE_DEBUG_INFO = NO;
				MTL_FAST_MATH = YES;
				SWIFT_COMPILATION_MODE = wholemodule;
				SWIFT_OPTIMIZATION_LEVEL = "-O";
			};
			name = Release;
		};
		CD0187DA28766F4000A636AC /* Debug */ = {
			isa = XCBuildConfiguration;
			buildSettings = {
				ASSETCATALOG_COMPILER_APPICON_NAME = AppIcon;
				ASSETCATALOG_COMPILER_GLOBAL_ACCENT_COLOR_NAME = AccentColor;
				CODE_SIGN_STYLE = Automatic;
				CURRENT_PROJECT_VERSION = 1;
				DEVELOPMENT_TEAM = P9KK452K8P;
				ENABLE_PREVIEWS = YES;
				GENERATE_INFOPLIST_FILE = YES;
				INFOPLIST_KEY_UIApplicationSceneManifest_Generation = YES;
				INFOPLIST_KEY_UIApplicationSupportsIndirectInputEvents = YES;
				INFOPLIST_KEY_UILaunchScreen_Generation = YES;
				INFOPLIST_KEY_UISupportedInterfaceOrientations_iPad = "UIInterfaceOrientationPortrait UIInterfaceOrientationPortraitUpsideDown UIInterfaceOrientationLandscapeLeft UIInterfaceOrientationLandscapeRight";
				INFOPLIST_KEY_UISupportedInterfaceOrientations_iPhone = "UIInterfaceOrientationPortrait UIInterfaceOrientationLandscapeLeft UIInterfaceOrientationLandscapeRight";
				IPHONEOS_DEPLOYMENT_TARGET = 15.5;
				LD_RUNPATH_SEARCH_PATHS = (
					"$(inherited)",
					"@executable_path/Frameworks",
				);
				MARKETING_VERSION = 1.0;
				PRODUCT_BUNDLE_IDENTIFIER = com.sirilee.MeiliSearchUI;
				PRODUCT_NAME = MeiliSearchUI;
				SDKROOT = iphoneos;
				SWIFT_EMIT_LOC_STRINGS = YES;
				SWIFT_VERSION = 5.0;
				TARGETED_DEVICE_FAMILY = "1,2";
			};
			name = Debug;
		};
		CD0187DB28766F4000A636AC /* Release */ = {
			isa = XCBuildConfiguration;
			buildSettings = {
				ASSETCATALOG_COMPILER_APPICON_NAME = AppIcon;
				ASSETCATALOG_COMPILER_GLOBAL_ACCENT_COLOR_NAME = AccentColor;
				CODE_SIGN_STYLE = Automatic;
				CURRENT_PROJECT_VERSION = 1;
				DEVELOPMENT_TEAM = P9KK452K8P;
				ENABLE_PREVIEWS = YES;
				GENERATE_INFOPLIST_FILE = YES;
				INFOPLIST_KEY_UIApplicationSceneManifest_Generation = YES;
				INFOPLIST_KEY_UIApplicationSupportsIndirectInputEvents = YES;
				INFOPLIST_KEY_UILaunchScreen_Generation = YES;
				INFOPLIST_KEY_UISupportedInterfaceOrientations_iPad = "UIInterfaceOrientationPortrait UIInterfaceOrientationPortraitUpsideDown UIInterfaceOrientationLandscapeLeft UIInterfaceOrientationLandscapeRight";
				INFOPLIST_KEY_UISupportedInterfaceOrientations_iPhone = "UIInterfaceOrientationPortrait UIInterfaceOrientationLandscapeLeft UIInterfaceOrientationLandscapeRight";
				IPHONEOS_DEPLOYMENT_TARGET = 15.5;
				LD_RUNPATH_SEARCH_PATHS = (
					"$(inherited)",
					"@executable_path/Frameworks",
				);
				MARKETING_VERSION = 1.0;
				PRODUCT_BUNDLE_IDENTIFIER = com.sirilee.MeiliSearchUI;
				PRODUCT_NAME = MeiliSearchUI;
				SDKROOT = iphoneos;
				SWIFT_EMIT_LOC_STRINGS = YES;
				SWIFT_VERSION = 5.0;
				TARGETED_DEVICE_FAMILY = "1,2";
				VALIDATE_PRODUCT = YES;
			};
			name = Release;
		};
		CD0187DD28766F4000A636AC /* Debug */ = {
			isa = XCBuildConfiguration;
			buildSettings = {
				ASSETCATALOG_COMPILER_APPICON_NAME = AppIcon;
				ASSETCATALOG_COMPILER_GLOBAL_ACCENT_COLOR_NAME = AccentColor;
				CODE_SIGN_ENTITLEMENTS = macOS/macOS.entitlements;
				CODE_SIGN_STYLE = Automatic;
				COMBINE_HIDPI_IMAGES = YES;
				CURRENT_PROJECT_VERSION = 1;
				DEVELOPMENT_TEAM = P9KK452K8P;
				ENABLE_HARDENED_RUNTIME = YES;
				ENABLE_PREVIEWS = YES;
				GENERATE_INFOPLIST_FILE = YES;
				INFOPLIST_KEY_LSApplicationCategoryType = "public.app-category.developer-tools";
				INFOPLIST_KEY_NSHumanReadableCopyright = "";
				LD_RUNPATH_SEARCH_PATHS = (
					"$(inherited)",
					"@executable_path/../Frameworks",
				);
				MACOSX_DEPLOYMENT_TARGET = 12.3;
				MARKETING_VERSION = 1.2.0;
				PRODUCT_BUNDLE_IDENTIFIER = com.sirilee.MeiliSearchUI;
				PRODUCT_NAME = MeiliSearchUI;
				SDKROOT = macosx;
				SWIFT_EMIT_LOC_STRINGS = YES;
				SWIFT_VERSION = 5.0;
			};
			name = Debug;
		};
		CD0187DE28766F4000A636AC /* Release */ = {
			isa = XCBuildConfiguration;
			buildSettings = {
				ASSETCATALOG_COMPILER_APPICON_NAME = AppIcon;
				ASSETCATALOG_COMPILER_GLOBAL_ACCENT_COLOR_NAME = AccentColor;
				CODE_SIGN_ENTITLEMENTS = macOS/macOS.entitlements;
				CODE_SIGN_STYLE = Automatic;
				COMBINE_HIDPI_IMAGES = YES;
				CURRENT_PROJECT_VERSION = 1;
				DEVELOPMENT_TEAM = P9KK452K8P;
				ENABLE_HARDENED_RUNTIME = YES;
				ENABLE_PREVIEWS = YES;
				GENERATE_INFOPLIST_FILE = YES;
				INFOPLIST_KEY_LSApplicationCategoryType = "public.app-category.developer-tools";
				INFOPLIST_KEY_NSHumanReadableCopyright = "";
				LD_RUNPATH_SEARCH_PATHS = (
					"$(inherited)",
					"@executable_path/../Frameworks",
				);
				MACOSX_DEPLOYMENT_TARGET = 12.3;
				MARKETING_VERSION = 1.2.0;
				PRODUCT_BUNDLE_IDENTIFIER = com.sirilee.MeiliSearchUI;
				PRODUCT_NAME = MeiliSearchUI;
				SDKROOT = macosx;
				SWIFT_EMIT_LOC_STRINGS = YES;
				SWIFT_VERSION = 5.0;
			};
			name = Release;
		};
		CD01885F28768ECD00A636AC /* Debug */ = {
			isa = XCBuildConfiguration;
			buildSettings = {
				BUNDLE_LOADER = "$(TEST_HOST)";
				CODE_SIGN_STYLE = Automatic;
				CURRENT_PROJECT_VERSION = 1;
				DEVELOPMENT_TEAM = P9KK452K8P;
				GENERATE_INFOPLIST_FILE = YES;
				MACOSX_DEPLOYMENT_TARGET = 12.3;
				MARKETING_VERSION = 1.0;
				PRODUCT_BUNDLE_IDENTIFIER = com.sirilee.MeiliSearchUITests;
				PRODUCT_NAME = "$(TARGET_NAME)";
				SDKROOT = macosx;
				SWIFT_EMIT_LOC_STRINGS = NO;
				SWIFT_VERSION = 5.0;
				TEST_HOST = "$(BUILT_PRODUCTS_DIR)/MeiliSearchUI.app/Contents/MacOS/MeiliSearchUI";
			};
			name = Debug;
		};
		CD01886028768ECD00A636AC /* Release */ = {
			isa = XCBuildConfiguration;
			buildSettings = {
				BUNDLE_LOADER = "$(TEST_HOST)";
				CODE_SIGN_STYLE = Automatic;
				CURRENT_PROJECT_VERSION = 1;
				DEVELOPMENT_TEAM = P9KK452K8P;
				GENERATE_INFOPLIST_FILE = YES;
				MACOSX_DEPLOYMENT_TARGET = 12.3;
				MARKETING_VERSION = 1.0;
				PRODUCT_BUNDLE_IDENTIFIER = com.sirilee.MeiliSearchUITests;
				PRODUCT_NAME = "$(TARGET_NAME)";
				SDKROOT = macosx;
				SWIFT_EMIT_LOC_STRINGS = NO;
				SWIFT_VERSION = 5.0;
				TEST_HOST = "$(BUILT_PRODUCTS_DIR)/MeiliSearchUI.app/Contents/MacOS/MeiliSearchUI";
			};
			name = Release;
		};
/* End XCBuildConfiguration section */

/* Begin XCConfigurationList section */
		CD0187A028766F3F00A636AC /* Build configuration list for PBXProject "MeiliSearchUI" */ = {
			isa = XCConfigurationList;
			buildConfigurations = (
				CD0187D728766F4000A636AC /* Debug */,
				CD0187D828766F4000A636AC /* Release */,
			);
			defaultConfigurationIsVisible = 0;
			defaultConfigurationName = Release;
		};
		CD0187D928766F4000A636AC /* Build configuration list for PBXNativeTarget "MeiliSearchUI (iOS)" */ = {
			isa = XCConfigurationList;
			buildConfigurations = (
				CD0187DA28766F4000A636AC /* Debug */,
				CD0187DB28766F4000A636AC /* Release */,
			);
			defaultConfigurationIsVisible = 0;
			defaultConfigurationName = Release;
		};
		CD0187DC28766F4000A636AC /* Build configuration list for PBXNativeTarget "MeiliSearchUI (macOS)" */ = {
			isa = XCConfigurationList;
			buildConfigurations = (
				CD0187DD28766F4000A636AC /* Debug */,
				CD0187DE28766F4000A636AC /* Release */,
			);
			defaultConfigurationIsVisible = 0;
			defaultConfigurationName = Release;
		};
		CD01885E28768ECD00A636AC /* Build configuration list for PBXNativeTarget "MeiliSearchUITests" */ = {
			isa = XCConfigurationList;
			buildConfigurations = (
				CD01885F28768ECD00A636AC /* Debug */,
				CD01886028768ECD00A636AC /* Release */,
			);
			defaultConfigurationIsVisible = 0;
			defaultConfigurationName = Release;
		};
/* End XCConfigurationList section */

/* Begin XCRemoteSwiftPackageReference section */
		CD0187E828766F8100A636AC /* XCRemoteSwiftPackageReference "meilisearch-swift" */ = {
			isa = XCRemoteSwiftPackageReference;
			repositoryURL = "https://github.com/meilisearch/meilisearch-swift";
			requirement = {
				branch = main;
				kind = branch;
			};
		};
		CD0187EB28766F9C00A636AC /* XCRemoteSwiftPackageReference "SFSafeSymbols" */ = {
			isa = XCRemoteSwiftPackageReference;
			repositoryURL = "https://github.com/SFSafeSymbols/SFSafeSymbols";
			requirement = {
				branch = stable;
				kind = branch;
			};
		};
		CD0188432876790D00A636AC /* XCRemoteSwiftPackageReference "SwiftyJSON" */ = {
			isa = XCRemoteSwiftPackageReference;
			repositoryURL = "https://github.com/SwiftyJSON/SwiftyJSON";
			requirement = {
				kind = upToNextMajorVersion;
				minimumVersion = 5.0.0;
			};
		};
		CD4AEB7A2876B735003826A3 /* XCRemoteSwiftPackageReference "SwiftJSONView" */ = {
			isa = XCRemoteSwiftPackageReference;
			repositoryURL = "https://github.com/sirily11/SwiftJSONView";
			requirement = {
				branch = main;
				kind = branch;
			};
		};
		CD4AEB86287835E9003826A3 /* XCRemoteSwiftPackageReference "CodeEditTextView" */ = {
			isa = XCRemoteSwiftPackageReference;
			repositoryURL = "https://github.com/CodeEditApp/CodeEditTextView";
			requirement = {
				branch = main;
				kind = branch;
			};
		};
/* End XCRemoteSwiftPackageReference section */

/* Begin XCSwiftPackageProductDependency section */
		CD0187E928766F8200A636AC /* MeiliSearch */ = {
			isa = XCSwiftPackageProductDependency;
			package = CD0187E828766F8100A636AC /* XCRemoteSwiftPackageReference "meilisearch-swift" */;
			productName = MeiliSearch;
		};
		CD0187EC28766F9C00A636AC /* SFSafeSymbols */ = {
			isa = XCSwiftPackageProductDependency;
			package = CD0187EB28766F9C00A636AC /* XCRemoteSwiftPackageReference "SFSafeSymbols" */;
			productName = SFSafeSymbols;
		};
		CD0188442876790D00A636AC /* SwiftyJSON */ = {
			isa = XCSwiftPackageProductDependency;
			package = CD0188432876790D00A636AC /* XCRemoteSwiftPackageReference "SwiftyJSON" */;
			productName = SwiftyJSON;
		};
		CD01884C28767CD700A636AC /* SwiftyJSON */ = {
			isa = XCSwiftPackageProductDependency;
			package = CD0188432876790D00A636AC /* XCRemoteSwiftPackageReference "SwiftyJSON" */;
			productName = SwiftyJSON;
		};
		CD4AEB7B2876B735003826A3 /* SwiftJSONView */ = {
			isa = XCSwiftPackageProductDependency;
			package = CD4AEB7A2876B735003826A3 /* XCRemoteSwiftPackageReference "SwiftJSONView" */;
			productName = SwiftJSONView;
		};
		CD4AEB87287835E9003826A3 /* CodeEditTextView */ = {
			isa = XCSwiftPackageProductDependency;
			package = CD4AEB86287835E9003826A3 /* XCRemoteSwiftPackageReference "CodeEditTextView" */;
			productName = CodeEditTextView;
		};
		CD4AEB89287835F8003826A3 /* CodeEditTextView */ = {
			isa = XCSwiftPackageProductDependency;
			package = CD4AEB86287835E9003826A3 /* XCRemoteSwiftPackageReference "CodeEditTextView" */;
			productName = CodeEditTextView;
		};
/* End XCSwiftPackageProductDependency section */

/* Begin XCVersionGroup section */
		CD0187A228766F3F00A636AC /* MeiliSearchUI.xcdatamodeld */ = {
			isa = XCVersionGroup;
			children = (
				CD0187A328766F3F00A636AC /* Shared.xcdatamodel */,
			);
			currentVersion = CD0187A328766F3F00A636AC /* Shared.xcdatamodel */;
			path = MeiliSearchUI.xcdatamodeld;
			sourceTree = "<group>";
			versionGroupType = wrapper.xcdatamodel;
		};
/* End XCVersionGroup section */
	};
	rootObject = CD01879D28766F3F00A636AC /* Project object */;
}
